
Microsoft Visual Studio Solution File, Format Version 12.00
# Visual Studio Version 17
VisualStudioVersion = 17.0.31903.59
MinimumVisualStudioVersion = 10.0.40219.1
Project("{FAE04EC0-301F-11D3-BF4B-00C04F79EFBC}") = "ShoppingCart", "ShoppingCart.csproj", "{582C7A1D-AEE6-48AE-975B-F1B0803812A1}"
EndProject
Global
	GlobalSection(SolutionConfigurationPlatforms) = preSolution
		Debug|Any CPU = Debug|Any CPU
		Release|Any CPU = Release|Any CPU
	EndGlobalSection
	GlobalSection(ProjectConfigurationPlatforms) = postSolution
		{582C7A1D-AEE6-48AE-975B-F1B0803812A1}.Debug|Any CPU.ActiveCfg = Debug|Any CPU
		{582C7A1D-AEE6-48AE-975B-F1B0803812A1}.Debug|Any CPU.Build.0 = Debug|Any CPU
		{582C7A1D-AEE6-48AE-975B-F1B0803812A1}.Release|Any CPU.ActiveCfg = Release|Any CPU
		{582C7A1D-AEE6-48AE-975B-F1B0803812A1}.Release|Any CPU.Build.0 = Release|Any CPU
	EndGlobalSection
	GlobalSection(SolutionProperties) = preSolution
		HideSolutionNode = FALSE
	EndGlobalSection
	GlobalSection(ExtensibilityGlobals) = postSolution
		SolutionGuid = {809389BF-DBA9-43C5-AC14-6B5D952077F7}
	EndGlobalSection
EndGlobal
